
Microsoft Visual Studio Solution File, Format Version 12.00
# Visual Studio Version 16
VisualStudioVersion = 16.0.31702.278
MinimumVisualStudioVersion = 10.0.40219.1
Project("{2150E333-8FDC-42A3-9474-1A3956D46DE8}") = "Services", "Services", "{2A28EE71-CB42-4639-A535-C46DB465312D}"
EndProject
Project("{2150E333-8FDC-42A3-9474-1A3956D46DE8}") = "Catalog", "Catalog", "{D4090B0B-00E1-413D-8AB6-C101DA80E9D8}"
EndProject
Project("{9A19103F-16F7-4668-BE54-9A1E7A4F7556}") = "Catalog.API", "Services\Catalog\Catalog.API\Catalog.API.csproj", "{5CBC66BE-825E-40A8-A080-A52D120FA885}"
EndProject
Project("{E53339B2-1760-4266-BCC7-CA923CBCF16C}") = "docker-compose", "docker-compose.dcproj", "{2CAD1130-B5DD-44FF-9862-E4474C45B87C}"
EndProject
Project("{2150E333-8FDC-42A3-9474-1A3956D46DE8}") = "Basket", "Basket", "{94706C04-A289-43C6-970E-DF164FED6F97}"
EndProject
Project("{9A19103F-16F7-4668-BE54-9A1E7A4F7556}") = "Basket.API", "Services\Basket\Basket.API\Basket.API.csproj", "{E3DA4B53-EE6D-43C9-A89D-09DC51E1D244}"
EndProject
Project("{2150E333-8FDC-42A3-9474-1A3956D46DE8}") = "Discount", "Discount", "{D2D6C750-6015-4AD2-8FCA-666E4ECE4414}"
EndProject
Project("{9A19103F-16F7-4668-BE54-9A1E7A4F7556}") = "Discount.API", "Services\Doscount\Doscount.API\Discount.API.csproj", "{6563FD17-D01E-4AAC-BA02-ED9D5DF09A0E}"
EndProject
Project("{9A19103F-16F7-4668-BE54-9A1E7A4F7556}") = "Discount.Grpc", "Services\Doscount\Discount.Grpc\Discount.Grpc.csproj", "{E5FF2B63-6CBB-45FA-B991-A3F39EE9EAD6}"
EndProject
Project("{2150E333-8FDC-42A3-9474-1A3956D46DE8}") = "Ordering", "Ordering", "{7A9021A0-874A-4EE9-A8C5-95CBD21BBC99}"
EndProject
Project("{9A19103F-16F7-4668-BE54-9A1E7A4F7556}") = "Ordering.API", "Services\Ordering\Ordering.API\Ordering.API.csproj", "{000681C4-8579-414F-A038-A68B92C8B965}"
EndProject
Project("{9A19103F-16F7-4668-BE54-9A1E7A4F7556}") = "Ordering.Domain", "Services\Ordering\Ordering.Domain\Ordering.Domain.csproj", "{05A27F78-67AA-4E08-A99D-8C3C9DC707EB}"
EndProject
Project("{9A19103F-16F7-4668-BE54-9A1E7A4F7556}") = "Ordering.Application", "Services\Ordering\Ordering.Application\Ordering.Application.csproj", "{1C865786-C5EC-4557-8157-E58D89B96996}"
EndProject
Project("{9A19103F-16F7-4668-BE54-9A1E7A4F7556}") = "Ordering.Infrastructure", "Services\Ordering\Ordering.Infrastructure\Ordering.Infrastructure.csproj", "{642FBA8B-8592-422E-8731-B19F4378BE3C}"
EndProject
Project("{2150E333-8FDC-42A3-9474-1A3956D46DE8}") = "BuildingBlocks", "BuildingBlocks", "{7C2D0874-B555-49E1-ACCC-9BA49D44A8A9}"
EndProject
Project("{9A19103F-16F7-4668-BE54-9A1E7A4F7556}") = "EventBus.Messages", "BuildingBlocks\EventBus.Messages\EventBus.Messages.csproj", "{97E7CCE3-6152-466F-AD22-013D39433248}"
EndProject
Project("{2150E333-8FDC-42A3-9474-1A3956D46DE8}") = "ApiGateways", "ApiGateways", "{FF001B16-1C89-45AF-B595-8E117AD0E75C}"
EndProject
Project("{9A19103F-16F7-4668-BE54-9A1E7A4F7556}") = "OcelotApiGw", "ApiGateways\OcelotApiGw\OcelotApiGw.csproj", "{02289C05-8E46-45A8-9A45-B12550FB30B8}"
EndProject
Project("{9A19103F-16F7-4668-BE54-9A1E7A4F7556}") = "Shopping.Aggregator", "ApiGateways\Shopping.Aggregator\Shopping.Aggregator.csproj", "{37C4A6F0-F950-454F-8EC6-DC5BC65BEFAD}"
EndProject
Project("{2150E333-8FDC-42A3-9474-1A3956D46DE8}") = "WebApps", "WebApps", "{67C33AD0-0FED-4C22-BA54-B6987B1B87D6}"
EndProject
Project("{9A19103F-16F7-4668-BE54-9A1E7A4F7556}") = "AspnetRunBasics", "WebApps\AspnetRunBasics\AspnetRunBasics.csproj", "{F172E48F-65AF-47E3-B1E2-1A0B622AF8F5}"
EndProject
Project("{9A19103F-16F7-4668-BE54-9A1E7A4F7556}") = "WebStatus", "WebApps\WebStatus\WebStatus.csproj", "{78BB9030-5BF9-4E29-9FFF-CC4056B2CE38}"
EndProject
Global
	GlobalSection(SolutionConfigurationPlatforms) = preSolution
		Debug|Any CPU = Debug|Any CPU
		Release|Any CPU = Release|Any CPU
	EndGlobalSection
	GlobalSection(ProjectConfigurationPlatforms) = postSolution
		{5CBC66BE-825E-40A8-A080-A52D120FA885}.Debug|Any CPU.ActiveCfg = Debug|Any CPU
		{5CBC66BE-825E-40A8-A080-A52D120FA885}.Debug|Any CPU.Build.0 = Debug|Any CPU
		{5CBC66BE-825E-40A8-A080-A52D120FA885}.Release|Any CPU.ActiveCfg = Release|Any CPU
		{5CBC66BE-825E-40A8-A080-A52D120FA885}.Release|Any CPU.Build.0 = Release|Any CPU
		{2CAD1130-B5DD-44FF-9862-E4474C45B87C}.Debug|Any CPU.ActiveCfg = Debug|Any CPU
		{2CAD1130-B5DD-44FF-9862-E4474C45B87C}.Debug|Any CPU.Build.0 = Debug|Any CPU
		{2CAD1130-B5DD-44FF-9862-E4474C45B87C}.Release|Any CPU.ActiveCfg = Release|Any CPU
		{2CAD1130-B5DD-44FF-9862-E4474C45B87C}.Release|Any CPU.Build.0 = Release|Any CPU
		{E3DA4B53-EE6D-43C9-A89D-09DC51E1D244}.Debug|Any CPU.ActiveCfg = Debug|Any CPU
		{E3DA4B53-EE6D-43C9-A89D-09DC51E1D244}.Debug|Any CPU.Build.0 = Debug|Any CPU
		{E3DA4B53-EE6D-43C9-A89D-09DC51E1D244}.Release|Any CPU.ActiveCfg = Release|Any CPU
		{E3DA4B53-EE6D-43C9-A89D-09DC51E1D244}.Release|Any CPU.Build.0 = Release|Any CPU
		{6563FD17-D01E-4AAC-BA02-ED9D5DF09A0E}.Debug|Any CPU.ActiveCfg = Debug|Any CPU
		{6563FD17-D01E-4AAC-BA02-ED9D5DF09A0E}.Debug|Any CPU.Build.0 = Debug|Any CPU
		{6563FD17-D01E-4AAC-BA02-ED9D5DF09A0E}.Release|Any CPU.ActiveCfg = Release|Any CPU
		{6563FD17-D01E-4AAC-BA02-ED9D5DF09A0E}.Release|Any CPU.Build.0 = Release|Any CPU
		{E5FF2B63-6CBB-45FA-B991-A3F39EE9EAD6}.Debug|Any CPU.ActiveCfg = Debug|Any CPU
		{E5FF2B63-6CBB-45FA-B991-A3F39EE9EAD6}.Debug|Any CPU.Build.0 = Debug|Any CPU
		{E5FF2B63-6CBB-45FA-B991-A3F39EE9EAD6}.Release|Any CPU.ActiveCfg = Release|Any CPU
		{E5FF2B63-6CBB-45FA-B991-A3F39EE9EAD6}.Release|Any CPU.Build.0 = Release|Any CPU
		{000681C4-8579-414F-A038-A68B92C8B965}.Debug|Any CPU.ActiveCfg = Debug|Any CPU
		{000681C4-8579-414F-A038-A68B92C8B965}.Debug|Any CPU.Build.0 = Debug|Any CPU
		{000681C4-8579-414F-A038-A68B92C8B965}.Release|Any CPU.ActiveCfg = Release|Any CPU
		{000681C4-8579-414F-A038-A68B92C8B965}.Release|Any CPU.Build.0 = Release|Any CPU
		{05A27F78-67AA-4E08-A99D-8C3C9DC707EB}.Debug|Any CPU.ActiveCfg = Debug|Any CPU
		{05A27F78-67AA-4E08-A99D-8C3C9DC707EB}.Debug|Any CPU.Build.0 = Debug|Any CPU
		{05A27F78-67AA-4E08-A99D-8C3C9DC707EB}.Release|Any CPU.ActiveCfg = Release|Any CPU
		{05A27F78-67AA-4E08-A99D-8C3C9DC707EB}.Release|Any CPU.Build.0 = Release|Any CPU
		{1C865786-C5EC-4557-8157-E58D89B96996}.Debug|Any CPU.ActiveCfg = Debug|Any CPU
		{1C865786-C5EC-4557-8157-E58D89B96996}.Debug|Any CPU.Build.0 = Debug|Any CPU
		{1C865786-C5EC-4557-8157-E58D89B96996}.Release|Any CPU.ActiveCfg = Release|Any CPU
		{1C865786-C5EC-4557-8157-E58D89B96996}.Release|Any CPU.Build.0 = Release|Any CPU
		{642FBA8B-8592-422E-8731-B19F4378BE3C}.Debug|Any CPU.ActiveCfg = Debug|Any CPU
		{642FBA8B-8592-422E-8731-B19F4378BE3C}.Debug|Any CPU.Build.0 = Debug|Any CPU
		{642FBA8B-8592-422E-8731-B19F4378BE3C}.Release|Any CPU.ActiveCfg = Release|Any CPU
		{642FBA8B-8592-422E-8731-B19F4378BE3C}.Release|Any CPU.Build.0 = Release|Any CPU
		{97E7CCE3-6152-466F-AD22-013D39433248}.Debug|Any CPU.ActiveCfg = Debug|Any CPU
		{97E7CCE3-6152-466F-AD22-013D39433248}.Debug|Any CPU.Build.0 = Debug|Any CPU
		{97E7CCE3-6152-466F-AD22-013D39433248}.Release|Any CPU.ActiveCfg = Release|Any CPU
		{97E7CCE3-6152-466F-AD22-013D39433248}.Release|Any CPU.Build.0 = Release|Any CPU
		{02289C05-8E46-45A8-9A45-B12550FB30B8}.Debug|Any CPU.ActiveCfg = Debug|Any CPU
		{02289C05-8E46-45A8-9A45-B12550FB30B8}.Debug|Any CPU.Build.0 = Debug|Any CPU
		{02289C05-8E46-45A8-9A45-B12550FB30B8}.Release|Any CPU.ActiveCfg = Release|Any CPU
		{02289C05-8E46-45A8-9A45-B12550FB30B8}.Release|Any CPU.Build.0 = Release|Any CPU
		{37C4A6F0-F950-454F-8EC6-DC5BC65BEFAD}.Debug|Any CPU.ActiveCfg = Debug|Any CPU
		{37C4A6F0-F950-454F-8EC6-DC5BC65BEFAD}.Debug|Any CPU.Build.0 = Debug|Any CPU
		{37C4A6F0-F950-454F-8EC6-DC5BC65BEFAD}.Release|Any CPU.ActiveCfg = Release|Any CPU
		{37C4A6F0-F950-454F-8EC6-DC5BC65BEFAD}.Release|Any CPU.Build.0 = Release|Any CPU
		{F172E48F-65AF-47E3-B1E2-1A0B622AF8F5}.Debug|Any CPU.ActiveCfg = Debug|Any CPU
		{F172E48F-65AF-47E3-B1E2-1A0B622AF8F5}.Debug|Any CPU.Build.0 = Debug|Any CPU
		{F172E48F-65AF-47E3-B1E2-1A0B622AF8F5}.Release|Any CPU.ActiveCfg = Release|Any CPU
		{F172E48F-65AF-47E3-B1E2-1A0B622AF8F5}.Release|Any CPU.Build.0 = Release|Any CPU
		{78BB9030-5BF9-4E29-9FFF-CC4056B2CE38}.Debug|Any CPU.ActiveCfg = Debug|Any CPU
		{78BB9030-5BF9-4E29-9FFF-CC4056B2CE38}.Debug|Any CPU.Build.0 = Debug|Any CPU
		{78BB9030-5BF9-4E29-9FFF-CC4056B2CE38}.Release|Any CPU.ActiveCfg = Release|Any CPU
		{78BB9030-5BF9-4E29-9FFF-CC4056B2CE38}.Release|Any CPU.Build.0 = Release|Any CPU
	EndGlobalSection
	GlobalSection(SolutionProperties) = preSolution
		HideSolutionNode = FALSE
	EndGlobalSection
	GlobalSection(NestedProjects) = preSolution
		{D4090B0B-00E1-413D-8AB6-C101DA80E9D8} = {2A28EE71-CB42-4639-A535-C46DB465312D}
		{5CBC66BE-825E-40A8-A080-A52D120FA885} = {D4090B0B-00E1-413D-8AB6-C101DA80E9D8}
		{94706C04-A289-43C6-970E-DF164FED6F97} = {2A28EE71-CB42-4639-A535-C46DB465312D}
		{E3DA4B53-EE6D-43C9-A89D-09DC51E1D244} = {94706C04-A289-43C6-970E-DF164FED6F97}
		{D2D6C750-6015-4AD2-8FCA-666E4ECE4414} = {2A28EE71-CB42-4639-A535-C46DB465312D}
		{6563FD17-D01E-4AAC-BA02-ED9D5DF09A0E} = {D2D6C750-6015-4AD2-8FCA-666E4ECE4414}
		{E5FF2B63-6CBB-45FA-B991-A3F39EE9EAD6} = {D2D6C750-6015-4AD2-8FCA-666E4ECE4414}
		{7A9021A0-874A-4EE9-A8C5-95CBD21BBC99} = {2A28EE71-CB42-4639-A535-C46DB465312D}
		{000681C4-8579-414F-A038-A68B92C8B965} = {7A9021A0-874A-4EE9-A8C5-95CBD21BBC99}
		{05A27F78-67AA-4E08-A99D-8C3C9DC707EB} = {7A9021A0-874A-4EE9-A8C5-95CBD21BBC99}
		{1C865786-C5EC-4557-8157-E58D89B96996} = {7A9021A0-874A-4EE9-A8C5-95CBD21BBC99}
		{642FBA8B-8592-422E-8731-B19F4378BE3C} = {7A9021A0-874A-4EE9-A8C5-95CBD21BBC99}
		{97E7CCE3-6152-466F-AD22-013D39433248} = {7C2D0874-B555-49E1-ACCC-9BA49D44A8A9}
		{02289C05-8E46-45A8-9A45-B12550FB30B8} = {FF001B16-1C89-45AF-B595-8E117AD0E75C}
		{37C4A6F0-F950-454F-8EC6-DC5BC65BEFAD} = {FF001B16-1C89-45AF-B595-8E117AD0E75C}
		{F172E48F-65AF-47E3-B1E2-1A0B622AF8F5} = {67C33AD0-0FED-4C22-BA54-B6987B1B87D6}
		{78BB9030-5BF9-4E29-9FFF-CC4056B2CE38} = {67C33AD0-0FED-4C22-BA54-B6987B1B87D6}
	EndGlobalSection
	GlobalSection(ExtensibilityGlobals) = postSolution
		SolutionGuid = {0BDC3E5E-629F-4CFF-9CC0-B9974EC682F9}
	EndGlobalSection
EndGlobal
